
Microsoft Visual Studio Solution File, Format Version 12.00
# Visual Studio Version 17
VisualStudioVersion = 17.3.32811.315
MinimumVisualStudioVersion = 10.0.40219.1
Project("{8BC9CEB8-8B4A-11D0-8D11-00A0C91BC942}") = "메모리", "메모리\메모리.vcxproj", "{82C94286-42E0-4940-B0ED-67ABA794F374}"
EndProject
Global
	GlobalSection(SolutionConfigurationPlatforms) = preSolution
		Debug|x64 = Debug|x64
		Debug|x86 = Debug|x86
		Release|x64 = Release|x64
		Release|x86 = Release|x86
	EndGlobalSection
	GlobalSection(ProjectConfigurationPlatforms) = postSolution
		{82C94286-42E0-4940-B0ED-67ABA794F374}.Debug|x64.ActiveCfg = Debug|x64
		{82C94286-42E0-4940-B0ED-67ABA794F374}.Debug|x64.Build.0 = Debug|x64
		{82C94286-42E0-4940-B0ED-67ABA794F374}.Debug|x86.ActiveCfg = Debug|Win32
		{82C94286-42E0-4940-B0ED-67ABA794F374}.Debug|x86.Build.0 = Debug|Win32
		{82C94286-42E0-4940-B0ED-67ABA794F374}.Release|x64.ActiveCfg = Release|x64
		{82C94286-42E0-4940-B0ED-67ABA794F374}.Release|x64.Build.0 = Release|x64
		{82C94286-42E0-4940-B0ED-67ABA794F374}.Release|x86.ActiveCfg = Release|Win32
		{82C94286-42E0-4940-B0ED-67ABA794F374}.Release|x86.Build.0 = Release|Win32
	EndGlobalSection
	GlobalSection(SolutionProperties) = preSolution
		HideSolutionNode = FALSE
	EndGlobalSection
	GlobalSection(ExtensibilityGlobals) = postSolution
		SolutionGuid = {E34A7F2A-02AC-42B4-8017-6FC31D7F8A4B}
	EndGlobalSection
EndGlobal
